Microsoft Visual Studio Solution File, Format Version 12.00
# Visual Studio Version 17
VisualStudioVersion = 17.6.33706.43
MinimumVisualStudioVersion = 10.0.40219.1
Project("{9A19103F-16F7-4668-BE54-9A1E7A4F7556}") = "CopilotChatWebApi", "webapi\CopilotChatWebApi.csproj", "{5252E68F-B653-44CE-9A32-360A75C54E0E}"
EndProject
Project("{9A19103F-16F7-4668-BE54-9A1E7A4F7556}") = "CopilotChatMemoryPipeline", "memorypipeline\CopilotChatMemoryPipeline.csproj", "{EE1C907E-E90A-4AB5-9094-6CCE5F0DEDF8}"
EndProject
Project("{9A19103F-16F7-4668-BE54-9A1E7A4F7556}") = "ImportDocument", "tools\importdocument\ImportDocument.csproj", "{F67EF16F-9A8A-4DC6-A9A1-E64CDFE4F285}"
EndProject
Project("{9A19103F-16F7-4668-BE54-9A1E7A4F7556}") = "ChatCopilotIntegrationTests", "integration-tests\ChatCopilotIntegrationTests.csproj", "{0CD2CD95-536B-455F-B74A-772A455FA607}"
EndProject
Project("{9A19103F-16F7-4668-BE54-9A1E7A4F7556}") = "CopilotChatShared", "shared\CopilotChatShared.csproj", "{94F12185-FAF9-43E3-B153-28A1708AC918}"
EndProject
Project("{9A19103F-16F7-4668-BE54-9A1E7A4F7556}") = "WebSearcher", "plugins\web-searcher\WebSearcher.csproj", "{F83C857D-3080-4DEA-B3D1-978E2BC64BFB}"
EndProject
Project("{9A19103F-16F7-4668-BE54-9A1E7A4F7556}") = "PluginShared", "plugins\shared\PluginShared.csproj", "{9D03913A-21FF-4D0A-9883-95C4B3D6F65A}"
EndProject
Project("{9A19103F-16F7-4668-BE54-9A1E7A4F7556}") = "Tlx", "plugins\tlx\Tlx.csproj", "{88D57E74-BB72-471A-8D6D-97166F6A1BAF}"
EndProject
Project("{2150E333-8FDC-42A3-9474-1A3956D46DE8}") = "sk", "sk", "{E0298F24-0D40-4C98-8387-0B5FC3921AA5}"
EndProject
Project("{9A19103F-16F7-4668-BE54-9A1E7A4F7556}") = "SemanticKernel.Core", "sk\dotnet\src\SemanticKernel.Core\SemanticKernel.Core.csproj", "{02E6E6CE-8208-40BF-8AD8-10066600A61D}"
EndProject
Project("{9A19103F-16F7-4668-BE54-9A1E7A4F7556}") = "SemanticKernel.Abstractions", "sk\dotnet\src\SemanticKernel.Abstractions\SemanticKernel.Abstractions.csproj", "{BC46F23B-36D1-4066-8509-F1A214DB8527}"
EndProject
Project("{9A19103F-16F7-4668-BE54-9A1E7A4F7556}") = "Connectors.Memory.AzureAISearch", "sk\dotnet\src\Connectors\Connectors.Memory.AzureAISearch\Connectors.Memory.AzureAISearch.csproj", "{D512372E-AE36-497B-965D-A594CE9FF77D}"
EndProject
Project("{9A19103F-16F7-4668-BE54-9A1E7A4F7556}") = "Connectors.Memory.Qdrant", "sk\dotnet\src\Connectors\Connectors.Memory.Qdrant\Connectors.Memory.Qdrant.csproj", "{958ADC7C-BD6D-4DF9-A687-3F92DD2727F6}"
EndProject
Project("{9A19103F-16F7-4668-BE54-9A1E7A4F7556}") = "Plugins.Core", "sk\dotnet\src\Plugins\Plugins.Core\Plugins.Core.csproj", "{8C305F3F-7934-4E36-8095-0321CB2E691D}"
EndProject
Project("{9A19103F-16F7-4668-BE54-9A1E7A4F7556}") = "Plugins.Memory", "sk\dotnet\src\Plugins\Plugins.Memory\Plugins.Memory.csproj", "{63C708CA-B193-4403-9F8A-E23FFA5DE9E2}"
EndProject
Project("{9A19103F-16F7-4668-BE54-9A1E7A4F7556}") = "Plugins.MsGraph", "sk\dotnet\src\Plugins\Plugins.MsGraph\Plugins.MsGraph.csproj", "{BBF0F4F5-F12B-4392-81C5-24AB3717873F}"
EndProject
Project("{9A19103F-16F7-4668-BE54-9A1E7A4F7556}") = "Plugins.Web", "sk\dotnet\src\Plugins\Plugins.Web\Plugins.Web.csproj", "{213BB663-079E-4DC2-939A-D9FC64044C6E}"
EndProject
Project("{9A19103F-16F7-4668-BE54-9A1E7A4F7556}") = "Functions.OpenApi", "sk\dotnet\src\Functions\Functions.OpenApi\Functions.OpenApi.csproj", "{DAB82219-585C-4447-A063-E956F4B89106}"
EndProject
Project("{9A19103F-16F7-4668-BE54-9A1E7A4F7556}") = "Connectors.OpenAI", "sk\dotnet\src\Connectors\Connectors.OpenAI\Connectors.OpenAI.csproj", "{015D8288-46FE-4493-95D0-A45B590155E8}"
EndProject
Project("{2150E333-8FDC-42A3-9474-1A3956D46DE8}") = "km", "km", "{B1FD89B2-2A15-45EB-A684-B6EEDBF92E99}"
EndProject
Project("{9A19103F-16F7-4668-BE54-9A1E7A4F7556}") = "Abstractions", "km\service\Abstractions\Abstractions.csproj", "{B24842D9-BB9C-456B-8FCF-BF7249285C82}"
EndProject
Project("{9A19103F-16F7-4668-BE54-9A1E7A4F7556}") = "Core", "km\service\Core\Core.csproj", "{44E2336B-4701-4E11-BDD2-FAA78C3972AF}"
EndProject
Project("{9A19103F-16F7-4668-BE54-9A1E7A4F7556}") = "Postgres", "km\extensions\Postgres\Postgres\Postgres.csproj", "{97901099-8E0A-49B3-9847-C5469FBB71C2}"
EndProject
Project("{9A19103F-16F7-4668-BE54-9A1E7A4F7556}") = "Redis", "km\extensions\Redis\Redis\Redis.csproj", "{E69A08E4-ABDE-4B62-AD86-C798D8D3466B}"
EndProject
Project("{9A19103F-16F7-4668-BE54-9A1E7A4F7556}") = "RabbitMQ", "km\extensions\RabbitMQ\RabbitMQ.csproj", "{4238359F-C35D-45A8-9774-47C90BD10827}"
EndProject
Project("{9A19103F-16F7-4668-BE54-9A1E7A4F7556}") = "AzureAIDocIntel", "km\extensions\AzureAIDocIntel\AzureAIDocIntel.csproj", "{97013852-A2AF-48FF-B769-612E206E0BD1}"
EndProject
Project("{9A19103F-16F7-4668-BE54-9A1E7A4F7556}") = "AzureAISearch", "km\extensions\AzureAISearch\AzureAISearch\AzureAISearch.csproj", "{4695C22C-2B7A-43C3-B609-6216927E0118}"
EndProject
Project("{9A19103F-16F7-4668-BE54-9A1E7A4F7556}") = "AzureBlobs", "km\extensions\AzureBlobs\AzureBlobs.csproj", "{282EAA1D-90DE-4E77-8BEE-A73743A0985C}"
EndProject
Project("{9A19103F-16F7-4668-BE54-9A1E7A4F7556}") = "AzureOpenAI", "km\extensions\AzureOpenAI\AzureOpenAI.csproj", "{A0F2B4BE-4606-4674-BC4E-9359404788CA}"
EndProject
Project("{9A19103F-16F7-4668-BE54-9A1E7A4F7556}") = "AzureQueues", "km\extensions\AzureQueues\AzureQueues.csproj", "{F631EDED-D2F7-415F-8F0F-82CCC9FEBDC4}"
EndProject
Project("{9A19103F-16F7-4668-BE54-9A1E7A4F7556}") = "OpenAI", "km\extensions\OpenAI\OpenAI.csproj", "{0100A802-AA8F-4BB8-B70F-33A0ECD106BE}"
EndProject
Project("{9A19103F-16F7-4668-BE54-9A1E7A4F7556}") = "Qdrant", "km\extensions\Qdrant\Qdrant\Qdrant.csproj", "{C5039607-A688-4195-897F-0B5F1654AC52}"
EndProject
Project("{9A19103F-16F7-4668-BE54-9A1E7A4F7556}") = "ConsoleChat", "tools\console-chat\ConsoleChat.csproj", "{BC7E7013-2376-485F-80C0-1B2DD5D9FFD5}"
EndProject
Project("{9A19103F-16F7-4668-BE54-9A1E7A4F7556}") = "TxExperiment", "sk\dotnet\src\TxExperiment\TxExperiment.csproj", "{2813F683-210A-408A-8F8F-8A0DC0B3C543}"
EndProject
Global
	GlobalSection(SolutionConfigurationPlatforms) = preSolution
		Debug|Any CPU = Debug|Any CPU
		Publish|Any CPU = Publish|Any CPU
		Release|Any CPU = Release|Any CPU
	EndGlobalSection
	GlobalSection(ProjectConfigurationPlatforms) = postSolution
		{5252E68F-B653-44CE-9A32-360A75C54E0E}.Debug|Any CPU.ActiveCfg = Debug|Any CPU
		{5252E68F-B653-44CE-9A32-360A75C54E0E}.Debug|Any CPU.Build.0 = Debug|Any CPU
		{5252E68F-B653-44CE-9A32-360A75C54E0E}.Publish|Any CPU.ActiveCfg = Release|Any CPU
		{5252E68F-B653-44CE-9A32-360A75C54E0E}.Publish|Any CPU.Build.0 = Release|Any CPU
		{5252E68F-B653-44CE-9A32-360A75C54E0E}.Release|Any CPU.ActiveCfg = Release|Any CPU
		{5252E68F-B653-44CE-9A32-360A75C54E0E}.Release|Any CPU.Build.0 = Release|Any CPU
		{EE1C907E-E90A-4AB5-9094-6CCE5F0DEDF8}.Debug|Any CPU.ActiveCfg = Debug|Any CPU
		{EE1C907E-E90A-4AB5-9094-6CCE5F0DEDF8}.Debug|Any CPU.Build.0 = Debug|Any CPU
		{EE1C907E-E90A-4AB5-9094-6CCE5F0DEDF8}.Publish|Any CPU.ActiveCfg = Release|Any CPU
		{EE1C907E-E90A-4AB5-9094-6CCE5F0DEDF8}.Publish|Any CPU.Build.0 = Release|Any CPU
		{EE1C907E-E90A-4AB5-9094-6CCE5F0DEDF8}.Release|Any CPU.ActiveCfg = Release|Any CPU
		{EE1C907E-E90A-4AB5-9094-6CCE5F0DEDF8}.Release|Any CPU.Build.0 = Release|Any CPU
		{F67EF16F-9A8A-4DC6-A9A1-E64CDFE4F285}.Debug|Any CPU.ActiveCfg = Debug|Any CPU
		{F67EF16F-9A8A-4DC6-A9A1-E64CDFE4F285}.Debug|Any CPU.Build.0 = Debug|Any CPU
		{F67EF16F-9A8A-4DC6-A9A1-E64CDFE4F285}.Publish|Any CPU.ActiveCfg = Release|Any CPU
		{F67EF16F-9A8A-4DC6-A9A1-E64CDFE4F285}.Publish|Any CPU.Build.0 = Release|Any CPU
		{F67EF16F-9A8A-4DC6-A9A1-E64CDFE4F285}.Release|Any CPU.ActiveCfg = Release|Any CPU
		{F67EF16F-9A8A-4DC6-A9A1-E64CDFE4F285}.Release|Any CPU.Build.0 = Release|Any CPU
		{0CD2CD95-536B-455F-B74A-772A455FA607}.Debug|Any CPU.ActiveCfg = Debug|Any CPU
		{0CD2CD95-536B-455F-B74A-772A455FA607}.Debug|Any CPU.Build.0 = Debug|Any CPU
		{0CD2CD95-536B-455F-B74A-772A455FA607}.Publish|Any CPU.ActiveCfg = Release|Any CPU
		{0CD2CD95-536B-455F-B74A-772A455FA607}.Publish|Any CPU.Build.0 = Release|Any CPU
		{0CD2CD95-536B-455F-B74A-772A455FA607}.Release|Any CPU.ActiveCfg = Release|Any CPU
		{0CD2CD95-536B-455F-B74A-772A455FA607}.Release|Any CPU.Build.0 = Release|Any CPU
		{94F12185-FAF9-43E3-B153-28A1708AC918}.Debug|Any CPU.ActiveCfg = Debug|Any CPU
		{94F12185-FAF9-43E3-B153-28A1708AC918}.Debug|Any CPU.Build.0 = Debug|Any CPU
		{94F12185-FAF9-43E3-B153-28A1708AC918}.Publish|Any CPU.ActiveCfg = Release|Any CPU
		{94F12185-FAF9-43E3-B153-28A1708AC918}.Publish|Any CPU.Build.0 = Release|Any CPU
		{94F12185-FAF9-43E3-B153-28A1708AC918}.Release|Any CPU.ActiveCfg = Release|Any CPU
		{94F12185-FAF9-43E3-B153-28A1708AC918}.Release|Any CPU.Build.0 = Release|Any CPU
		{F83C857D-3080-4DEA-B3D1-978E2BC64BFB}.Debug|Any CPU.ActiveCfg = Debug|Any CPU
		{F83C857D-3080-4DEA-B3D1-978E2BC64BFB}.Debug|Any CPU.Build.0 = Debug|Any CPU
		{F83C857D-3080-4DEA-B3D1-978E2BC64BFB}.Publish|Any CPU.ActiveCfg = Release|Any CPU
		{F83C857D-3080-4DEA-B3D1-978E2BC64BFB}.Publish|Any CPU.Build.0 = Release|Any CPU
		{F83C857D-3080-4DEA-B3D1-978E2BC64BFB}.Release|Any CPU.ActiveCfg = Release|Any CPU
		{F83C857D-3080-4DEA-B3D1-978E2BC64BFB}.Release|Any CPU.Build.0 = Release|Any CPU
		{9D03913A-21FF-4D0A-9883-95C4B3D6F65A}.Debug|Any CPU.ActiveCfg = Debug|Any CPU
		{9D03913A-21FF-4D0A-9883-95C4B3D6F65A}.Debug|Any CPU.Build.0 = Debug|Any CPU
		{9D03913A-21FF-4D0A-9883-95C4B3D6F65A}.Publish|Any CPU.ActiveCfg = Release|Any CPU
		{9D03913A-21FF-4D0A-9883-95C4B3D6F65A}.Publish|Any CPU.Build.0 = Release|Any CPU
		{9D03913A-21FF-4D0A-9883-95C4B3D6F65A}.Release|Any CPU.ActiveCfg = Release|Any CPU
		{9D03913A-21FF-4D0A-9883-95C4B3D6F65A}.Release|Any CPU.Build.0 = Release|Any CPU
		{88D57E74-BB72-471A-8D6D-97166F6A1BAF}.Debug|Any CPU.ActiveCfg = Debug|Any CPU
		{88D57E74-BB72-471A-8D6D-97166F6A1BAF}.Debug|Any CPU.Build.0 = Debug|Any CPU
		{88D57E74-BB72-471A-8D6D-97166F6A1BAF}.Publish|Any CPU.ActiveCfg = Release|Any CPU
		{88D57E74-BB72-471A-8D6D-97166F6A1BAF}.Publish|Any CPU.Build.0 = Release|Any CPU
		{88D57E74-BB72-471A-8D6D-97166F6A1BAF}.Release|Any CPU.ActiveCfg = Release|Any CPU
		{88D57E74-BB72-471A-8D6D-97166F6A1BAF}.Release|Any CPU.Build.0 = Release|Any CPU
		{02E6E6CE-8208-40BF-8AD8-10066600A61D}.Debug|Any CPU.ActiveCfg = Debug|Any CPU
		{02E6E6CE-8208-40BF-8AD8-10066600A61D}.Debug|Any CPU.Build.0 = Debug|Any CPU
		{02E6E6CE-8208-40BF-8AD8-10066600A61D}.Publish|Any CPU.ActiveCfg = Publish|Any CPU
		{02E6E6CE-8208-40BF-8AD8-10066600A61D}.Publish|Any CPU.Build.0 = Publish|Any CPU
		{02E6E6CE-8208-40BF-8AD8-10066600A61D}.Release|Any CPU.ActiveCfg = Release|Any CPU
		{02E6E6CE-8208-40BF-8AD8-10066600A61D}.Release|Any CPU.Build.0 = Release|Any CPU
		{BC46F23B-36D1-4066-8509-F1A214DB8527}.Debug|Any CPU.ActiveCfg = Debug|Any CPU
		{BC46F23B-36D1-4066-8509-F1A214DB8527}.Debug|Any CPU.Build.0 = Debug|Any CPU
		{BC46F23B-36D1-4066-8509-F1A214DB8527}.Publish|Any CPU.ActiveCfg = Publish|Any CPU
		{BC46F23B-36D1-4066-8509-F1A214DB8527}.Publish|Any CPU.Build.0 = Publish|Any CPU
		{BC46F23B-36D1-4066-8509-F1A214DB8527}.Release|Any CPU.ActiveCfg = Release|Any CPU
		{BC46F23B-36D1-4066-8509-F1A214DB8527}.Release|Any CPU.Build.0 = Release|Any CPU
		{D512372E-AE36-497B-965D-A594CE9FF77D}.Debug|Any CPU.ActiveCfg = Debug|Any CPU
		{D512372E-AE36-497B-965D-A594CE9FF77D}.Debug|Any CPU.Build.0 = Debug|Any CPU
		{D512372E-AE36-497B-965D-A594CE9FF77D}.Publish|Any CPU.ActiveCfg = Publish|Any CPU
		{D512372E-AE36-497B-965D-A594CE9FF77D}.Publish|Any CPU.Build.0 = Publish|Any CPU
		{D512372E-AE36-497B-965D-A594CE9FF77D}.Release|Any CPU.ActiveCfg = Release|Any CPU
		{D512372E-AE36-497B-965D-A594CE9FF77D}.Release|Any CPU.Build.0 = Release|Any CPU
		{958ADC7C-BD6D-4DF9-A687-3F92DD2727F6}.Debug|Any CPU.ActiveCfg = Debug|Any CPU
		{958ADC7C-BD6D-4DF9-A687-3F92DD2727F6}.Debug|Any CPU.Build.0 = Debug|Any CPU
		{958ADC7C-BD6D-4DF9-A687-3F92DD2727F6}.Publish|Any CPU.ActiveCfg = Publish|Any CPU
		{958ADC7C-BD6D-4DF9-A687-3F92DD2727F6}.Publish|Any CPU.Build.0 = Publish|Any CPU
		{958ADC7C-BD6D-4DF9-A687-3F92DD2727F6}.Release|Any CPU.ActiveCfg = Release|Any CPU
		{958ADC7C-BD6D-4DF9-A687-3F92DD2727F6}.Release|Any CPU.Build.0 = Release|Any CPU
		{8C305F3F-7934-4E36-8095-0321CB2E691D}.Debug|Any CPU.ActiveCfg = Debug|Any CPU
		{8C305F3F-7934-4E36-8095-0321CB2E691D}.Debug|Any CPU.Build.0 = Debug|Any CPU
		{8C305F3F-7934-4E36-8095-0321CB2E691D}.Publish|Any CPU.ActiveCfg = Publish|Any CPU
		{8C305F3F-7934-4E36-8095-0321CB2E691D}.Publish|Any CPU.Build.0 = Publish|Any CPU
		{8C305F3F-7934-4E36-8095-0321CB2E691D}.Release|Any CPU.ActiveCfg = Release|Any CPU
		{8C305F3F-7934-4E36-8095-0321CB2E691D}.Release|Any CPU.Build.0 = Release|Any CPU
		{63C708CA-B193-4403-9F8A-E23FFA5DE9E2}.Debug|Any CPU.ActiveCfg = Debug|Any CPU
		{63C708CA-B193-4403-9F8A-E23FFA5DE9E2}.Debug|Any CPU.Build.0 = Debug|Any CPU
		{63C708CA-B193-4403-9F8A-E23FFA5DE9E2}.Publish|Any CPU.ActiveCfg = Publish|Any CPU
		{63C708CA-B193-4403-9F8A-E23FFA5DE9E2}.Publish|Any CPU.Build.0 = Publish|Any CPU
		{63C708CA-B193-4403-9F8A-E23FFA5DE9E2}.Release|Any CPU.ActiveCfg = Release|Any CPU
		{63C708CA-B193-4403-9F8A-E23FFA5DE9E2}.Release|Any CPU.Build.0 = Release|Any CPU
		{BBF0F4F5-F12B-4392-81C5-24AB3717873F}.Debug|Any CPU.ActiveCfg = Debug|Any CPU
		{BBF0F4F5-F12B-4392-81C5-24AB3717873F}.Debug|Any CPU.Build.0 = Debug|Any CPU
		{BBF0F4F5-F12B-4392-81C5-24AB3717873F}.Publish|Any CPU.ActiveCfg = Publish|Any CPU
		{BBF0F4F5-F12B-4392-81C5-24AB3717873F}.Publish|Any CPU.Build.0 = Publish|Any CPU
		{BBF0F4F5-F12B-4392-81C5-24AB3717873F}.Release|Any CPU.ActiveCfg = Release|Any CPU
		{BBF0F4F5-F12B-4392-81C5-24AB3717873F}.Release|Any CPU.Build.0 = Release|Any CPU
		{213BB663-079E-4DC2-939A-D9FC64044C6E}.Debug|Any CPU.ActiveCfg = Debug|Any CPU
		{213BB663-079E-4DC2-939A-D9FC64044C6E}.Debug|Any CPU.Build.0 = Debug|Any CPU
		{213BB663-079E-4DC2-939A-D9FC64044C6E}.Publish|Any CPU.ActiveCfg = Publish|Any CPU
		{213BB663-079E-4DC2-939A-D9FC64044C6E}.Publish|Any CPU.Build.0 = Publish|Any CPU
		{213BB663-079E-4DC2-939A-D9FC64044C6E}.Release|Any CPU.ActiveCfg = Release|Any CPU
		{213BB663-079E-4DC2-939A-D9FC64044C6E}.Release|Any CPU.Build.0 = Release|Any CPU
		{DAB82219-585C-4447-A063-E956F4B89106}.Debug|Any CPU.ActiveCfg = Debug|Any CPU
		{DAB82219-585C-4447-A063-E956F4B89106}.Debug|Any CPU.Build.0 = Debug|Any CPU
		{DAB82219-585C-4447-A063-E956F4B89106}.Publish|Any CPU.ActiveCfg = Publish|Any CPU
		{DAB82219-585C-4447-A063-E956F4B89106}.Publish|Any CPU.Build.0 = Publish|Any CPU
		{DAB82219-585C-4447-A063-E956F4B89106}.Release|Any CPU.ActiveCfg = Release|Any CPU
		{DAB82219-585C-4447-A063-E956F4B89106}.Release|Any CPU.Build.0 = Release|Any CPU
		{015D8288-46FE-4493-95D0-A45B590155E8}.Debug|Any CPU.ActiveCfg = Debug|Any CPU
		{015D8288-46FE-4493-95D0-A45B590155E8}.Debug|Any CPU.Build.0 = Debug|Any CPU
		{015D8288-46FE-4493-95D0-A45B590155E8}.Publish|Any CPU.ActiveCfg = Publish|Any CPU
		{015D8288-46FE-4493-95D0-A45B590155E8}.Publish|Any CPU.Build.0 = Publish|Any CPU
		{015D8288-46FE-4493-95D0-A45B590155E8}.Release|Any CPU.ActiveCfg = Release|Any CPU
		{015D8288-46FE-4493-95D0-A45B590155E8}.Release|Any CPU.Build.0 = Release|Any CPU
		{B24842D9-BB9C-456B-8FCF-BF7249285C82}.Debug|Any CPU.ActiveCfg = Debug|Any CPU
		{B24842D9-BB9C-456B-8FCF-BF7249285C82}.Debug|Any CPU.Build.0 = Debug|Any CPU
		{B24842D9-BB9C-456B-8FCF-BF7249285C82}.Publish|Any CPU.ActiveCfg = Debug|Any CPU
		{B24842D9-BB9C-456B-8FCF-BF7249285C82}.Publish|Any CPU.Build.0 = Debug|Any CPU
		{B24842D9-BB9C-456B-8FCF-BF7249285C82}.Release|Any CPU.ActiveCfg = Release|Any CPU
		{B24842D9-BB9C-456B-8FCF-BF7249285C82}.Release|Any CPU.Build.0 = Release|Any CPU
		{44E2336B-4701-4E11-BDD2-FAA78C3972AF}.Debug|Any CPU.ActiveCfg = Debug|Any CPU
		{44E2336B-4701-4E11-BDD2-FAA78C3972AF}.Debug|Any CPU.Build.0 = Debug|Any CPU
		{44E2336B-4701-4E11-BDD2-FAA78C3972AF}.Publish|Any CPU.ActiveCfg = Debug|Any CPU
		{44E2336B-4701-4E11-BDD2-FAA78C3972AF}.Publish|Any CPU.Build.0 = Debug|Any CPU
		{44E2336B-4701-4E11-BDD2-FAA78C3972AF}.Release|Any CPU.ActiveCfg = Release|Any CPU
		{44E2336B-4701-4E11-BDD2-FAA78C3972AF}.Release|Any CPU.Build.0 = Release|Any CPU
		{97901099-8E0A-49B3-9847-C5469FBB71C2}.Debug|Any CPU.ActiveCfg = Debug|Any CPU
		{97901099-8E0A-49B3-9847-C5469FBB71C2}.Debug|Any CPU.Build.0 = Debug|Any CPU
		{97901099-8E0A-49B3-9847-C5469FBB71C2}.Publish|Any CPU.ActiveCfg = Debug|Any CPU
		{97901099-8E0A-49B3-9847-C5469FBB71C2}.Publish|Any CPU.Build.0 = Debug|Any CPU
		{97901099-8E0A-49B3-9847-C5469FBB71C2}.Release|Any CPU.ActiveCfg = Release|Any CPU
		{97901099-8E0A-49B3-9847-C5469FBB71C2}.Release|Any CPU.Build.0 = Release|Any CPU
		{E69A08E4-ABDE-4B62-AD86-C798D8D3466B}.Debug|Any CPU.ActiveCfg = Debug|Any CPU
		{E69A08E4-ABDE-4B62-AD86-C798D8D3466B}.Debug|Any CPU.Build.0 = Debug|Any CPU
		{E69A08E4-ABDE-4B62-AD86-C798D8D3466B}.Publish|Any CPU.ActiveCfg = Debug|Any CPU
		{E69A08E4-ABDE-4B62-AD86-C798D8D3466B}.Publish|Any CPU.Build.0 = Debug|Any CPU
		{E69A08E4-ABDE-4B62-AD86-C798D8D3466B}.Release|Any CPU.ActiveCfg = Release|Any CPU
		{E69A08E4-ABDE-4B62-AD86-C798D8D3466B}.Release|Any CPU.Build.0 = Release|Any CPU
		{4238359F-C35D-45A8-9774-47C90BD10827}.Debug|Any CPU.ActiveCfg = Debug|Any CPU
		{4238359F-C35D-45A8-9774-47C90BD10827}.Debug|Any CPU.Build.0 = Debug|Any CPU
		{4238359F-C35D-45A8-9774-47C90BD10827}.Publish|Any CPU.ActiveCfg = Debug|Any CPU
		{4238359F-C35D-45A8-9774-47C90BD10827}.Publish|Any CPU.Build.0 = Debug|Any CPU
		{4238359F-C35D-45A8-9774-47C90BD10827}.Release|Any CPU.ActiveCfg = Release|Any CPU
		{4238359F-C35D-45A8-9774-47C90BD10827}.Release|Any CPU.Build.0 = Release|Any CPU
		{97013852-A2AF-48FF-B769-612E206E0BD1}.Debug|Any CPU.ActiveCfg = Debug|Any CPU
		{97013852-A2AF-48FF-B769-612E206E0BD1}.Debug|Any CPU.Build.0 = Debug|Any CPU
		{97013852-A2AF-48FF-B769-612E206E0BD1}.Publish|Any CPU.ActiveCfg = Debug|Any CPU
		{97013852-A2AF-48FF-B769-612E206E0BD1}.Publish|Any CPU.Build.0 = Debug|Any CPU
		{97013852-A2AF-48FF-B769-612E206E0BD1}.Release|Any CPU.ActiveCfg = Release|Any CPU
		{97013852-A2AF-48FF-B769-612E206E0BD1}.Release|Any CPU.Build.0 = Release|Any CPU
		{4695C22C-2B7A-43C3-B609-6216927E0118}.Debug|Any CPU.ActiveCfg = Debug|Any CPU
		{4695C22C-2B7A-43C3-B609-6216927E0118}.Debug|Any CPU.Build.0 = Debug|Any CPU
		{4695C22C-2B7A-43C3-B609-6216927E0118}.Publish|Any CPU.ActiveCfg = Debug|Any CPU
		{4695C22C-2B7A-43C3-B609-6216927E0118}.Publish|Any CPU.Build.0 = Debug|Any CPU
		{4695C22C-2B7A-43C3-B609-6216927E0118}.Release|Any CPU.ActiveCfg = Release|Any CPU
		{4695C22C-2B7A-43C3-B609-6216927E0118}.Release|Any CPU.Build.0 = Release|Any CPU
		{282EAA1D-90DE-4E77-8BEE-A73743A0985C}.Debug|Any CPU.ActiveCfg = Debug|Any CPU
		{282EAA1D-90DE-4E77-8BEE-A73743A0985C}.Debug|Any CPU.Build.0 = Debug|Any CPU
		{282EAA1D-90DE-4E77-8BEE-A73743A0985C}.Publish|Any CPU.ActiveCfg = Debug|Any CPU
		{282EAA1D-90DE-4E77-8BEE-A73743A0985C}.Publish|Any CPU.Build.0 = Debug|Any CPU
		{282EAA1D-90DE-4E77-8BEE-A73743A0985C}.Release|Any CPU.ActiveCfg = Release|Any CPU
		{282EAA1D-90DE-4E77-8BEE-A73743A0985C}.Release|Any CPU.Build.0 = Release|Any CPU
		{A0F2B4BE-4606-4674-BC4E-9359404788CA}.Debug|Any CPU.ActiveCfg = Debug|Any CPU
		{A0F2B4BE-4606-4674-BC4E-9359404788CA}.Debug|Any CPU.Build.0 = Debug|Any CPU
		{A0F2B4BE-4606-4674-BC4E-9359404788CA}.Publish|Any CPU.ActiveCfg = Debug|Any CPU
		{A0F2B4BE-4606-4674-BC4E-9359404788CA}.Publish|Any CPU.Build.0 = Debug|Any CPU
		{A0F2B4BE-4606-4674-BC4E-9359404788CA}.Release|Any CPU.ActiveCfg = Release|Any CPU
		{A0F2B4BE-4606-4674-BC4E-9359404788CA}.Release|Any CPU.Build.0 = Release|Any CPU
		{F631EDED-D2F7-415F-8F0F-82CCC9FEBDC4}.Debug|Any CPU.ActiveCfg = Debug|Any CPU
		{F631EDED-D2F7-415F-8F0F-82CCC9FEBDC4}.Debug|Any CPU.Build.0 = Debug|Any CPU
		{F631EDED-D2F7-415F-8F0F-82CCC9FEBDC4}.Publish|Any CPU.ActiveCfg = Debug|Any CPU
		{F631EDED-D2F7-415F-8F0F-82CCC9FEBDC4}.Publish|Any CPU.Build.0 = Debug|Any CPU
		{F631EDED-D2F7-415F-8F0F-82CCC9FEBDC4}.Release|Any CPU.ActiveCfg = Release|Any CPU
		{F631EDED-D2F7-415F-8F0F-82CCC9FEBDC4}.Release|Any CPU.Build.0 = Release|Any CPU
		{0100A802-AA8F-4BB8-B70F-33A0ECD106BE}.Debug|Any CPU.ActiveCfg = Debug|Any CPU
		{0100A802-AA8F-4BB8-B70F-33A0ECD106BE}.Debug|Any CPU.Build.0 = Debug|Any CPU
		{0100A802-AA8F-4BB8-B70F-33A0ECD106BE}.Publish|Any CPU.ActiveCfg = Debug|Any CPU
		{0100A802-AA8F-4BB8-B70F-33A0ECD106BE}.Publish|Any CPU.Build.0 = Debug|Any CPU
		{0100A802-AA8F-4BB8-B70F-33A0ECD106BE}.Release|Any CPU.ActiveCfg = Release|Any CPU
		{0100A802-AA8F-4BB8-B70F-33A0ECD106BE}.Release|Any CPU.Build.0 = Release|Any CPU
		{C5039607-A688-4195-897F-0B5F1654AC52}.Debug|Any CPU.ActiveCfg = Debug|Any CPU
		{C5039607-A688-4195-897F-0B5F1654AC52}.Debug|Any CPU.Build.0 = Debug|Any CPU
		{C5039607-A688-4195-897F-0B5F1654AC52}.Publish|Any CPU.ActiveCfg = Debug|Any CPU
		{C5039607-A688-4195-897F-0B5F1654AC52}.Publish|Any CPU.Build.0 = Debug|Any CPU
		{C5039607-A688-4195-897F-0B5F1654AC52}.Release|Any CPU.ActiveCfg = Release|Any CPU
		{C5039607-A688-4195-897F-0B5F1654AC52}.Release|Any CPU.Build.0 = Release|Any CPU
		{BC7E7013-2376-485F-80C0-1B2DD5D9FFD5}.Debug|Any CPU.ActiveCfg = Debug|Any CPU
		{BC7E7013-2376-485F-80C0-1B2DD5D9FFD5}.Debug|Any CPU.Build.0 = Debug|Any CPU
		{BC7E7013-2376-485F-80C0-1B2DD5D9FFD5}.Publish|Any CPU.ActiveCfg = Debug|Any CPU
		{BC7E7013-2376-485F-80C0-1B2DD5D9FFD5}.Publish|Any CPU.Build.0 = Debug|Any CPU
		{BC7E7013-2376-485F-80C0-1B2DD5D9FFD5}.Release|Any CPU.ActiveCfg = Release|Any CPU
		{BC7E7013-2376-485F-80C0-1B2DD5D9FFD5}.Release|Any CPU.Build.0 = Release|Any CPU
		{2813F683-210A-408A-8F8F-8A0DC0B3C543}.Debug|Any CPU.ActiveCfg = Debug|Any CPU
		{2813F683-210A-408A-8F8F-8A0DC0B3C543}.Debug|Any CPU.Build.0 = Debug|Any CPU
		{2813F683-210A-408A-8F8F-8A0DC0B3C543}.Publish|Any CPU.ActiveCfg = Debug|Any CPU
		{2813F683-210A-408A-8F8F-8A0DC0B3C543}.Publish|Any CPU.Build.0 = Debug|Any CPU
		{2813F683-210A-408A-8F8F-8A0DC0B3C543}.Release|Any CPU.ActiveCfg = Release|Any CPU
		{2813F683-210A-408A-8F8F-8A0DC0B3C543}.Release|Any CPU.Build.0 = Release|Any CPU
	EndGlobalSection
	GlobalSection(SolutionProperties) = preSolution
		HideSolutionNode = FALSE
	EndGlobalSection
	GlobalSection(NestedProjects) = preSolution
		{02E6E6CE-8208-40BF-8AD8-10066600A61D} = {E0298F24-0D40-4C98-8387-0B5FC3921AA5}
		{BC46F23B-36D1-4066-8509-F1A214DB8527} = {E0298F24-0D40-4C98-8387-0B5FC3921AA5}
		{D512372E-AE36-497B-965D-A594CE9FF77D} = {E0298F24-0D40-4C98-8387-0B5FC3921AA5}
		{958ADC7C-BD6D-4DF9-A687-3F92DD2727F6} = {E0298F24-0D40-4C98-8387-0B5FC3921AA5}
		{8C305F3F-7934-4E36-8095-0321CB2E691D} = {E0298F24-0D40-4C98-8387-0B5FC3921AA5}
		{63C708CA-B193-4403-9F8A-E23FFA5DE9E2} = {E0298F24-0D40-4C98-8387-0B5FC3921AA5}
		{BBF0F4F5-F12B-4392-81C5-24AB3717873F} = {E0298F24-0D40-4C98-8387-0B5FC3921AA5}
		{213BB663-079E-4DC2-939A-D9FC64044C6E} = {E0298F24-0D40-4C98-8387-0B5FC3921AA5}
		{DAB82219-585C-4447-A063-E956F4B89106} = {E0298F24-0D40-4C98-8387-0B5FC3921AA5}
		{015D8288-46FE-4493-95D0-A45B590155E8} = {E0298F24-0D40-4C98-8387-0B5FC3921AA5}
		{B24842D9-BB9C-456B-8FCF-BF7249285C82} = {B1FD89B2-2A15-45EB-A684-B6EEDBF92E99}
		{44E2336B-4701-4E11-BDD2-FAA78C3972AF} = {B1FD89B2-2A15-45EB-A684-B6EEDBF92E99}
		{97901099-8E0A-49B3-9847-C5469FBB71C2} = {B1FD89B2-2A15-45EB-A684-B6EEDBF92E99}
		{E69A08E4-ABDE-4B62-AD86-C798D8D3466B} = {B1FD89B2-2A15-45EB-A684-B6EEDBF92E99}
		{4238359F-C35D-45A8-9774-47C90BD10827} = {B1FD89B2-2A15-45EB-A684-B6EEDBF92E99}
		{97013852-A2AF-48FF-B769-612E206E0BD1} = {B1FD89B2-2A15-45EB-A684-B6EEDBF92E99}
		{4695C22C-2B7A-43C3-B609-6216927E0118} = {B1FD89B2-2A15-45EB-A684-B6EEDBF92E99}
		{282EAA1D-90DE-4E77-8BEE-A73743A0985C} = {B1FD89B2-2A15-45EB-A684-B6EEDBF92E99}
		{A0F2B4BE-4606-4674-BC4E-9359404788CA} = {B1FD89B2-2A15-45EB-A684-B6EEDBF92E99}
		{F631EDED-D2F7-415F-8F0F-82CCC9FEBDC4} = {B1FD89B2-2A15-45EB-A684-B6EEDBF92E99}
		{0100A802-AA8F-4BB8-B70F-33A0ECD106BE} = {B1FD89B2-2A15-45EB-A684-B6EEDBF92E99}
		{C5039607-A688-4195-897F-0B5F1654AC52} = {B1FD89B2-2A15-45EB-A684-B6EEDBF92E99}
		{2813F683-210A-408A-8F8F-8A0DC0B3C543} = {E0298F24-0D40-4C98-8387-0B5FC3921AA5}
	EndGlobalSection
	GlobalSection(ExtensibilityGlobals) = postSolution
		SolutionGuid = {971570D3-60EA-4EE4-980C-0BDA3E66E741}
	EndGlobalSection
EndGlobal
